
Microsoft Visual Studio Solution File, Format Version 12.00
# Visual Studio Version 17
VisualStudioVersion = 17.7.34031.279
MinimumVisualStudioVersion = 10.0.40219.1
Project("{FAE04EC0-301F-11D3-BF4B-00C04F79EFBC}") = "Taller", "Taller\Taller.csproj", "{80A1B3E6-297B-45BE-9337-AC4F62A49520}"
EndProject
Global
	GlobalSection(SolutionConfigurationPlatforms) = preSolution
		Debug|Any CPU = Debug|Any CPU
		Release|Any CPU = Release|Any CPU
	EndGlobalSection
	GlobalSection(ProjectConfigurationPlatforms) = postSolution
		{80A1B3E6-297B-45BE-9337-AC4F62A49520}.Debug|Any CPU.ActiveCfg = Debug|Any CPU
		{80A1B3E6-297B-45BE-9337-AC4F62A49520}.Debug|Any CPU.Build.0 = Debug|Any CPU
		{80A1B3E6-297B-45BE-9337-AC4F62A49520}.Release|Any CPU.ActiveCfg = Release|Any CPU
		{80A1B3E6-297B-45BE-9337-AC4F62A49520}.Release|Any CPU.Build.0 = Release|Any CPU
	EndGlobalSection
	GlobalSection(SolutionProperties) = preSolution
		HideSolutionNode = FALSE
	EndGlobalSection
	GlobalSection(ExtensibilityGlobals) = postSolution
		SolutionGuid = {C2E2AE32-1B6B-493D-A609-F2E783091B54}
	EndGlobalSection
EndGlobal
